
Microsoft Visual Studio Solution File, Format Version 12.00
# Visual Studio 15
VisualStudioVersion = 15.0.28307.960
MinimumVisualStudioVersion = 10.0.40219.1
Project("{8BC9CEB8-8B4A-11D0-8D11-00A0C91BC942}") = "Step_1", "Step_1\Step_1.vcxproj", "{E35BEED8-7C9B-4A24-AFF4-0AF6BE548C39}"
EndProject
Project("{8BC9CEB8-8B4A-11D0-8D11-00A0C91BC942}") = "Step_2", "Step_2\Step_2.vcxproj", "{04BEAF41-F328-4205-A755-3D82A6AC1610}"
EndProject
Project("{8BC9CEB8-8B4A-11D0-8D11-00A0C91BC942}") = "Step_3", "Step_3\Step_3.vcxproj", "{1D73E385-8531-4553-A415-64599F87F678}"
EndProject
Project("{8BC9CEB8-8B4A-11D0-8D11-00A0C91BC942}") = "Step_4", "Step_4\Step_4.vcxproj", "{53B9AAD0-0C4C-41CF-824A-A6BE16C26CC1}"
EndProject
Project("{8BC9CEB8-8B4A-11D0-8D11-00A0C91BC942}") = "Step_5", "Step_5\Step_5.vcxproj", "{DE40E4C6-20B8-4ADC-B87B-9FE0A7B630D7}"
EndProject
Project("{8BC9CEB8-8B4A-11D0-8D11-00A0C91BC942}") = "Step_6", "Step_6\Step_6.vcxproj", "{6C928071-8860-4178-91F6-4B9DAC3C78B2}"
EndProject
Global
	GlobalSection(SolutionConfigurationPlatforms) = preSolution
		Debug|x64 = Debug|x64
		Debug|x86 = Debug|x86
		Release|x64 = Release|x64
		Release|x86 = Release|x86
	EndGlobalSection
	GlobalSection(ProjectConfigurationPlatforms) = postSolution
		{E35BEED8-7C9B-4A24-AFF4-0AF6BE548C39}.Debug|x64.ActiveCfg = Debug|x64
		{E35BEED8-7C9B-4A24-AFF4-0AF6BE548C39}.Debug|x86.ActiveCfg = Debug|Win32
		{E35BEED8-7C9B-4A24-AFF4-0AF6BE548C39}.Debug|x86.Build.0 = Debug|Win32
		{E35BEED8-7C9B-4A24-AFF4-0AF6BE548C39}.Release|x64.ActiveCfg = Release|x64
		{E35BEED8-7C9B-4A24-AFF4-0AF6BE548C39}.Release|x64.Build.0 = Release|x64
		{E35BEED8-7C9B-4A24-AFF4-0AF6BE548C39}.Release|x86.ActiveCfg = Release|Win32
		{E35BEED8-7C9B-4A24-AFF4-0AF6BE548C39}.Release|x86.Build.0 = Release|Win32
		{04BEAF41-F328-4205-A755-3D82A6AC1610}.Debug|x64.ActiveCfg = Debug|x64
		{04BEAF41-F328-4205-A755-3D82A6AC1610}.Debug|x86.ActiveCfg = Debug|Win32
		{04BEAF41-F328-4205-A755-3D82A6AC1610}.Debug|x86.Build.0 = Debug|Win32
		{04BEAF41-F328-4205-A755-3D82A6AC1610}.Release|x64.ActiveCfg = Release|x64
		{04BEAF41-F328-4205-A755-3D82A6AC1610}.Release|x64.Build.0 = Release|x64
		{04BEAF41-F328-4205-A755-3D82A6AC1610}.Release|x86.ActiveCfg = Release|Win32
		{04BEAF41-F328-4205-A755-3D82A6AC1610}.Release|x86.Build.0 = Release|Win32
		{1D73E385-8531-4553-A415-64599F87F678}.Debug|x64.ActiveCfg = Debug|x64
		{1D73E385-8531-4553-A415-64599F87F678}.Debug|x86.ActiveCfg = Debug|Win32
		{1D73E385-8531-4553-A415-64599F87F678}.Debug|x86.Build.0 = Debug|Win32
		{1D73E385-8531-4553-A415-64599F87F678}.Release|x64.ActiveCfg = Release|x64
		{1D73E385-8531-4553-A415-64599F87F678}.Release|x64.Build.0 = Release|x64
		{1D73E385-8531-4553-A415-64599F87F678}.Release|x86.ActiveCfg = Release|Win32
		{1D73E385-8531-4553-A415-64599F87F678}.Release|x86.Build.0 = Release|Win32
		{53B9AAD0-0C4C-41CF-824A-A6BE16C26CC1}.Debug|x64.ActiveCfg = Debug|x64
		{53B9AAD0-0C4C-41CF-824A-A6BE16C26CC1}.Debug|x86.ActiveCfg = Debug|Win32
		{53B9AAD0-0C4C-41CF-824A-A6BE16C26CC1}.Debug|x86.Build.0 = Debug|Win32
		{53B9AAD0-0C4C-41CF-824A-A6BE16C26CC1}.Release|x64.ActiveCfg = Release|x64
		{53B9AAD0-0C4C-41CF-824A-A6BE16C26CC1}.Release|x64.Build.0 = Release|x64
		{53B9AAD0-0C4C-41CF-824A-A6BE16C26CC1}.Release|x86.ActiveCfg = Release|Win32
		{53B9AAD0-0C4C-41CF-824A-A6BE16C26CC1}.Release|x86.Build.0 = Release|Win32
		{DE40E4C6-20B8-4ADC-B87B-9FE0A7B630D7}.Debug|x64.ActiveCfg = Debug|x64
		{DE40E4C6-20B8-4ADC-B87B-9FE0A7B630D7}.Debug|x86.ActiveCfg = Debug|Win32
		{DE40E4C6-20B8-4ADC-B87B-9FE0A7B630D7}.Debug|x86.Build.0 = Debug|Win32
		{DE40E4C6-20B8-4ADC-B87B-9FE0A7B630D7}.Release|x64.ActiveCfg = Release|x64
		{DE40E4C6-20B8-4ADC-B87B-9FE0A7B630D7}.Release|x64.Build.0 = Release|x64
		{DE40E4C6-20B8-4ADC-B87B-9FE0A7B630D7}.Release|x86.ActiveCfg = Release|Win32
		{DE40E4C6-20B8-4ADC-B87B-9FE0A7B630D7}.Release|x86.Build.0 = Release|Win32
		{6C928071-8860-4178-91F6-4B9DAC3C78B2}.Debug|x64.ActiveCfg = Debug|x64
		{6C928071-8860-4178-91F6-4B9DAC3C78B2}.Debug|x64.Build.0 = Debug|x64
		{6C928071-8860-4178-91F6-4B9DAC3C78B2}.Debug|x86.ActiveCfg = Debug|Win32
		{6C928071-8860-4178-91F6-4B9DAC3C78B2}.Debug|x86.Build.0 = Debug|Win32
		{6C928071-8860-4178-91F6-4B9DAC3C78B2}.Release|x64.ActiveCfg = Release|x64
		{6C928071-8860-4178-91F6-4B9DAC3C78B2}.Release|x64.Build.0 = Release|x64
		{6C928071-8860-4178-91F6-4B9DAC3C78B2}.Release|x86.ActiveCfg = Release|Win32
		{6C928071-8860-4178-91F6-4B9DAC3C78B2}.Release|x86.Build.0 = Release|Win32
	EndGlobalSection
	GlobalSection(SolutionProperties) = preSolution
		HideSolutionNode = FALSE
	EndGlobalSection
	GlobalSection(ExtensibilityGlobals) = postSolution
		SolutionGuid = {715C7CA6-8EED-48ED-8046-14479391AC47}
	EndGlobalSection
EndGlobal
